{
  "name": "fargate",
  "version": "1.0.0",
  "lockfileVersion": 1,
  "requires": true,
  "dependencies": {
    "@aws-cdk/assets": {
      "version": "0.20.0",
      "resolved": "https://registry.npmjs.org/@aws-cdk/assets/-/assets-0.20.0.tgz",
      "integrity": "sha512-6M2XjU0gddZchFP9WkwGOM21usK82M1PUC/3ev/mlTh8xM83FjYGZeHTS1asdhC3EG1dhflNZ+AmJq/M7JpGxQ==",
      "requires": {
        "@aws-cdk/aws-iam": "^0.20.0",
        "@aws-cdk/aws-s3": "^0.20.0",
        "@aws-cdk/cdk": "^0.20.0",
        "@aws-cdk/cx-api": "^0.20.0"
      }
    },
    "@aws-cdk/assets-docker": {
      "version": "0.20.0",
      "resolved": "https://registry.npmjs.org/@aws-cdk/assets-docker/-/assets-docker-0.20.0.tgz",
      "integrity": "sha512-bUADxf4aXE7pMKmvBf5Jw+Dj+hMyG1nR9J3pQH9am+wUnCpcNDMlN/bW1ifMHQX3WHmwi/HwEeClHDHkaLcKHg==",
      "requires": {
        "@aws-cdk/aws-cloudformation": "^0.20.0",
        "@aws-cdk/aws-ecr": "^0.20.0",
        "@aws-cdk/aws-iam": "^0.20.0",
        "@aws-cdk/aws-lambda": "^0.20.0",
        "@aws-cdk/aws-s3": "^0.20.0",
        "@aws-cdk/cdk": "^0.20.0",
        "@aws-cdk/cx-api": "^0.20.0"
      }
    },
    "@aws-cdk/aws-applicationautoscaling": {
      "version": "0.20.0",
      "resolved": "https://registry.npmjs.org/@aws-cdk/aws-applicationautoscaling/-/aws-applicationautoscaling-0.20.0.tgz",
      "integrity": "sha512-bODIyvU/YjP7B87oSY0zp+LtmxIkuxlTYmLjETZuw8w1lTIJSoO2ZoAE9EfFocb6pQBsdMOOvZrDARtBu1ZwCw==",
      "requires": {
        "@aws-cdk/aws-autoscaling-common": "^0.20.0",
        "@aws-cdk/aws-cloudwatch": "^0.20.0",
        "@aws-cdk/aws-iam": "^0.20.0",
        "@aws-cdk/cdk": "^0.20.0"
      }
    },
    "@aws-cdk/aws-autoscaling": {
      "version": "0.20.0",
      "resolved": "https://registry.npmjs.org/@aws-cdk/aws-autoscaling/-/aws-autoscaling-0.20.0.tgz",
      "integrity": "sha512-/ZzJl+hsegvjg9IZrCFx3PNJHQFlVhyXYvwzqxu646ZJpZxpfjB0tNnrkPAr9HNe/8faRwslHqA2VjdTBDrt0A==",
      "requires": {
        "@aws-cdk/aws-autoscaling-api": "^0.20.0",
        "@aws-cdk/aws-autoscaling-common": "^0.20.0",
        "@aws-cdk/aws-cloudwatch": "^0.20.0",
        "@aws-cdk/aws-ec2": "^0.20.0",
        "@aws-cdk/aws-elasticloadbalancing": "^0.20.0",
        "@aws-cdk/aws-elasticloadbalancingv2": "^0.20.0",
        "@aws-cdk/aws-iam": "^0.20.0",
        "@aws-cdk/aws-sns": "^0.20.0",
        "@aws-cdk/cdk": "^0.20.0"
      }
    },
    "@aws-cdk/aws-autoscaling-api": {
      "version": "0.20.0",
      "resolved": "https://registry.npmjs.org/@aws-cdk/aws-autoscaling-api/-/aws-autoscaling-api-0.20.0.tgz",
      "integrity": "sha512-zQEP/Y8byrJ9QJdraESsD+ei25bDr1zEv6Fiz/7ess1wG3XfZPNRzNeFBfNF3ynqH0ktp6ZJSLnzmbgVeD2yNA==",
      "requires": {
        "@aws-cdk/aws-iam": "^0.20.0",
        "@aws-cdk/cdk": "^0.20.0"
      }
    },
    "@aws-cdk/aws-autoscaling-common": {
      "version": "0.20.0",
      "resolved": "https://registry.npmjs.org/@aws-cdk/aws-autoscaling-common/-/aws-autoscaling-common-0.20.0.tgz",
      "integrity": "sha512-nuo9jdngtARLDio80mEDGayuDfO7FT78GinDmH8/1jwV43AvVnCWw+Tkn9iV53zFPTev1/c3h4uxEoWoKWIvTQ==",
      "requires": {
        "@aws-cdk/aws-iam": "^0.20.0",
        "@aws-cdk/cdk": "^0.20.0"
      }
    },
    "@aws-cdk/aws-certificatemanager": {
      "version": "0.20.0",
      "resolved": "https://registry.npmjs.org/@aws-cdk/aws-certificatemanager/-/aws-certificatemanager-0.20.0.tgz",
      "integrity": "sha512-ITrloV7+FudDdobG5nuPGZOkyDjSuGtV4gTyMlOfkF1wYa3VyX4u6QIBdSjbqFa0HE//KDgw79AmNS/sH/h5Bw==",
      "requires": {
        "@aws-cdk/aws-iam": "^0.20.0",
        "@aws-cdk/cdk": "^0.20.0"
      }
    },
    "@aws-cdk/aws-cloudformation": {
      "version": "0.20.0",
      "resolved": "https://registry.npmjs.org/@aws-cdk/aws-cloudformation/-/aws-cloudformation-0.20.0.tgz",
      "integrity": "sha512-Q/RR64wsP4pgSIKrgGBVc6+ZS1JlgMuuTlh52YN3+JNStK/I+yQvvCHTsVDtkNhX5nP4rfdZnPD7nBno5Sb3tQ==",
      "requires": {
        "@aws-cdk/aws-codepipeline-api": "^0.20.0",
        "@aws-cdk/aws-iam": "^0.20.0",
        "@aws-cdk/aws-lambda": "^0.20.0",
        "@aws-cdk/aws-sns": "^0.20.0",
        "@aws-cdk/cdk": "^0.20.0"
      }
    },
    "@aws-cdk/aws-cloudwatch": {
      "version": "0.20.0",
      "resolved": "https://registry.npmjs.org/@aws-cdk/aws-cloudwatch/-/aws-cloudwatch-0.20.0.tgz",
      "integrity": "sha512-ChOEJS5J5xs2B669UpNhytSYK+TC6rW15j+4Ne/D95no7PFSmwdSCifNu+kQKtT2hmHCWSSdZxQQl828HQXPYQ==",
      "requires": {
        "@aws-cdk/aws-iam": "^0.20.0",
        "@aws-cdk/cdk": "^0.20.0"
      }
    },
    "@aws-cdk/aws-codedeploy-api": {
      "version": "0.20.0",
      "resolved": "https://registry.npmjs.org/@aws-cdk/aws-codedeploy-api/-/aws-codedeploy-api-0.20.0.tgz",
      "integrity": "sha512-sGzUbwH4BaxmQLO+OQP2xnG86cJogVn/pT69tFXIoUHlfTHZS9zyHkfMXeChGyz/aUQffCaWL/f/ekNehOuWgw==",
      "requires": {
        "@aws-cdk/cdk": "^0.20.0"
      }
    },
    "@aws-cdk/aws-codepipeline-api": {
      "version": "0.20.0",
      "resolved": "https://registry.npmjs.org/@aws-cdk/aws-codepipeline-api/-/aws-codepipeline-api-0.20.0.tgz",
      "integrity": "sha512-w9AkV51/Bx1FyINCBEsAu5OEkc5HTybgxvSzzPgBH/xcuOgazCtTAY+n+2huBc4wO6jM3MshAQccCcuWOxSb8Q==",
      "requires": {
        "@aws-cdk/aws-events": "^0.20.0",
        "@aws-cdk/aws-iam": "^0.20.0",
        "@aws-cdk/cdk": "^0.20.0"
      }
    },
    "@aws-cdk/aws-ec2": {
      "version": "0.20.0",
      "resolved": "https://registry.npmjs.org/@aws-cdk/aws-ec2/-/aws-ec2-0.20.0.tgz",
      "integrity": "sha512-V1Ez1S1eMAzHuiULXQk49P7lCyrS6UD5DzRVb6mBAkX1Kv65MyLpeiHNhmRd5aa/x9cK0LhXNZPrzDZ4ShSm4A==",
      "requires": {
        "@aws-cdk/aws-iam": "^0.20.0",
        "@aws-cdk/cdk": "^0.20.0",
        "@aws-cdk/cx-api": "^0.20.0"
      }
    },
    "@aws-cdk/aws-ecr": {
      "version": "0.20.0",
      "resolved": "https://registry.npmjs.org/@aws-cdk/aws-ecr/-/aws-ecr-0.20.0.tgz",
      "integrity": "sha512-dcArwEPzf+mFpwk5O/bWU0CeEAXSMQGsFVb5wp6RsvkyzEw+pZToMiPqa8SLcV4ai2REgvWUmFbocWdjTm5Zzw==",
      "requires": {
        "@aws-cdk/aws-codepipeline-api": "^0.20.0",
        "@aws-cdk/aws-events": "^0.20.0",
        "@aws-cdk/aws-iam": "^0.20.0",
        "@aws-cdk/cdk": "^0.20.0"
      }
    },
    "@aws-cdk/aws-ecs": {
      "version": "0.20.0",
      "resolved": "https://registry.npmjs.org/@aws-cdk/aws-ecs/-/aws-ecs-0.20.0.tgz",
      "integrity": "sha512-e0ccEQy95eAGOZecT595A/K6r/S5aYrJNpuiBU18x8kIIIR8WcVPsqWSJL1JCsSD6ZnOHYWUy4vuGcPxjPfO4Q==",
      "requires": {
        "@aws-cdk/assets-docker": "^0.20.0",
        "@aws-cdk/aws-applicationautoscaling": "^0.20.0",
        "@aws-cdk/aws-autoscaling": "^0.20.0",
        "@aws-cdk/aws-certificatemanager": "^0.20.0",
        "@aws-cdk/aws-cloudformation": "^0.20.0",
        "@aws-cdk/aws-cloudwatch": "^0.20.0",
        "@aws-cdk/aws-ec2": "^0.20.0",
        "@aws-cdk/aws-ecr": "^0.20.0",
        "@aws-cdk/aws-elasticloadbalancing": "^0.20.0",
        "@aws-cdk/aws-elasticloadbalancingv2": "^0.20.0",
        "@aws-cdk/aws-iam": "^0.20.0",
        "@aws-cdk/aws-lambda": "^0.20.0",
        "@aws-cdk/aws-logs": "^0.20.0",
        "@aws-cdk/aws-route53": "^0.20.0",
        "@aws-cdk/aws-sns": "^0.20.0",
        "@aws-cdk/cdk": "^0.20.0",
        "@aws-cdk/cx-api": "^0.20.0"
      }
    },
    "@aws-cdk/aws-elasticloadbalancing": {
      "version": "0.20.0",
      "resolved": "https://registry.npmjs.org/@aws-cdk/aws-elasticloadbalancing/-/aws-elasticloadbalancing-0.20.0.tgz",
      "integrity": "sha512-P+OdV8WIQZNLdgfczmeko+K35t5A+nomjMFWv29hMvOL//VLN/PQBnNYotgY6piU3+UXFSUnii72Q5fIi0wrDw==",
      "requires": {
        "@aws-cdk/aws-codedeploy-api": "^0.20.0",
        "@aws-cdk/aws-ec2": "^0.20.0",
        "@aws-cdk/cdk": "^0.20.0"
      }
    },
    "@aws-cdk/aws-elasticloadbalancingv2": {
      "version": "0.20.0",
      "resolved": "https://registry.npmjs.org/@aws-cdk/aws-elasticloadbalancingv2/-/aws-elasticloadbalancingv2-0.20.0.tgz",
      "integrity": "sha512-bRo94h5ePGcXpWuTwXR2apSfr98TCkpQ4IJTmtpVKJjbSu26ytvJO0s9kgQtt0PuNCZhOTdTc0h+TW6VcRo4cg==",
      "requires": {
        "@aws-cdk/aws-cloudwatch": "^0.20.0",
        "@aws-cdk/aws-codedeploy-api": "^0.20.0",
        "@aws-cdk/aws-ec2": "^0.20.0",
        "@aws-cdk/aws-iam": "^0.20.0",
        "@aws-cdk/aws-route53": "^0.20.0",
        "@aws-cdk/aws-s3": "^0.20.0",
        "@aws-cdk/cdk": "^0.20.0"
      }
    },
    "@aws-cdk/aws-events": {
      "version": "0.20.0",
      "resolved": "https://registry.npmjs.org/@aws-cdk/aws-events/-/aws-events-0.20.0.tgz",
      "integrity": "sha512-4LyROSw+mBZrrtJGjUvDP91M0Hq18VDUppxRbwjTdESGhHMogSQfB6j0xsctswxR1Hv4jF1H6ZlhxQlrQlXucg==",
      "requires": {
        "@aws-cdk/aws-iam": "^0.20.0",
        "@aws-cdk/cdk": "^0.20.0"
      }
    },
    "@aws-cdk/aws-iam": {
      "version": "0.20.0",
      "resolved": "https://registry.npmjs.org/@aws-cdk/aws-iam/-/aws-iam-0.20.0.tgz",
      "integrity": "sha512-fl6n5zAN5S/stry6+ij8Ziu60J/C6oUA9DWrsYRAUzNpZNIr2Cgo8tv0SrgAV/t7635ged5YtSzlHj1Gdc1bjw==",
      "requires": {
        "@aws-cdk/cdk": "^0.20.0"
      }
    },
    "@aws-cdk/aws-kms": {
      "version": "0.20.0",
      "resolved": "https://registry.npmjs.org/@aws-cdk/aws-kms/-/aws-kms-0.20.0.tgz",
      "integrity": "sha512-cLRakK/CK14+1Hhhll75qra70nKJNzTCPZ9+/ZJY8Xc9zO3fDJWejF7+ZapwjN6kI8QGkAwOx+cK9dJ5KnvPzw==",
      "requires": {
        "@aws-cdk/aws-iam": "^0.20.0",
        "@aws-cdk/cdk": "^0.20.0"
      }
    },
    "@aws-cdk/aws-lambda": {
      "version": "0.20.0",
      "resolved": "https://registry.npmjs.org/@aws-cdk/aws-lambda/-/aws-lambda-0.20.0.tgz",
      "integrity": "sha512-tlRBkqZBzR+C6VxJDhM41S6Qf6y0SSQ7PlNyH58Cqze0IPVBYO1loKh/e2KCyQRofR1YlAPRkNqev17qkx6dXA==",
      "requires": {
        "@aws-cdk/assets": "^0.20.0",
        "@aws-cdk/aws-cloudwatch": "^0.20.0",
        "@aws-cdk/aws-codepipeline-api": "^0.20.0",
        "@aws-cdk/aws-ec2": "^0.20.0",
        "@aws-cdk/aws-events": "^0.20.0",
        "@aws-cdk/aws-iam": "^0.20.0",
        "@aws-cdk/aws-logs": "^0.20.0",
        "@aws-cdk/aws-s3": "^0.20.0",
        "@aws-cdk/aws-s3-notifications": "^0.20.0",
        "@aws-cdk/aws-sqs": "^0.20.0",
        "@aws-cdk/aws-stepfunctions": "^0.20.0",
        "@aws-cdk/cdk": "^0.20.0",
        "@aws-cdk/cx-api": "^0.20.0"
      }
    },
    "@aws-cdk/aws-logs": {
      "version": "0.20.0",
      "resolved": "https://registry.npmjs.org/@aws-cdk/aws-logs/-/aws-logs-0.20.0.tgz",
      "integrity": "sha512-WONAOMZ2sBsAvSEZ0YYhAbz6GSWmAJi1Goo/0wyDArONORAELeRzXRqyXCQk+zlqMsnETpOaCopgsOG2aDYHXA==",
      "requires": {
        "@aws-cdk/aws-cloudwatch": "^0.20.0",
        "@aws-cdk/aws-iam": "^0.20.0",
        "@aws-cdk/cdk": "^0.20.0"
      }
    },
    "@aws-cdk/aws-route53": {
      "version": "0.20.0",
      "resolved": "https://registry.npmjs.org/@aws-cdk/aws-route53/-/aws-route53-0.20.0.tgz",
      "integrity": "sha512-Henck6EH54aPgaAltev2ASnHxEZCne7/7wX2XfPyFu9QR1+NYqgHP7oA68dfTmAKQT9vgfnagJY7MbOlu4Gomw==",
      "requires": {
        "@aws-cdk/aws-ec2": "^0.20.0",
        "@aws-cdk/aws-logs": "^0.20.0",
        "@aws-cdk/cdk": "^0.20.0",
        "@aws-cdk/cx-api": "^0.20.0"
      }
    },
    "@aws-cdk/aws-s3": {
      "version": "0.20.0",
      "resolved": "https://registry.npmjs.org/@aws-cdk/aws-s3/-/aws-s3-0.20.0.tgz",
      "integrity": "sha512-JFjcimPa20fpm8XPvhbSrsSFnEUNFqMDzUWhjOAWckkS6KQ08BVJJiY/06Nz/w8gG8y2IvtWsQpLZUPN+W7sZA==",
      "requires": {
        "@aws-cdk/aws-codepipeline-api": "^0.20.0",
        "@aws-cdk/aws-iam": "^0.20.0",
        "@aws-cdk/aws-kms": "^0.20.0",
        "@aws-cdk/aws-s3-notifications": "^0.20.0",
        "@aws-cdk/cdk": "^0.20.0"
      }
    },
    "@aws-cdk/aws-s3-notifications": {
      "version": "0.20.0",
      "resolved": "https://registry.npmjs.org/@aws-cdk/aws-s3-notifications/-/aws-s3-notifications-0.20.0.tgz",
      "integrity": "sha512-2jiEhS4qOCfsQcPax+xAb3icXcyApRClnzEOzPfnhxnWhH6T19r4D7MWnha7c3cjc9InkkEksGvXFzTvdPSKKQ==",
      "requires": {
        "@aws-cdk/cdk": "^0.20.0"
      }
    },
    "@aws-cdk/aws-sns": {
      "version": "0.20.0",
      "resolved": "https://registry.npmjs.org/@aws-cdk/aws-sns/-/aws-sns-0.20.0.tgz",
      "integrity": "sha512-28pN8oKIT6b4RwEgG+HkrOU6DxWp//6Vh+z7JQfG4jCvbTEyqKAo6pEnEExJMBAhfQDjln1CKDMbBlhXG9wBfA==",
      "requires": {
        "@aws-cdk/aws-autoscaling-api": "^0.20.0",
        "@aws-cdk/aws-cloudwatch": "^0.20.0",
        "@aws-cdk/aws-events": "^0.20.0",
        "@aws-cdk/aws-iam": "^0.20.0",
        "@aws-cdk/aws-lambda": "^0.20.0",
        "@aws-cdk/aws-s3-notifications": "^0.20.0",
        "@aws-cdk/aws-sqs": "^0.20.0",
        "@aws-cdk/cdk": "^0.20.0"
      }
    },
    "@aws-cdk/aws-sqs": {
      "version": "0.20.0",
      "resolved": "https://registry.npmjs.org/@aws-cdk/aws-sqs/-/aws-sqs-0.20.0.tgz",
      "integrity": "sha512-c8dCcVOFoWAqc8EUqav2NMRZD9AkGth9bYDjTdYnxG3H9eOmaYiv5IWRrLhTPWdPc0VCy9cGGK2lAtf+isBr4w==",
      "requires": {
        "@aws-cdk/aws-autoscaling-api": "^0.20.0",
        "@aws-cdk/aws-iam": "^0.20.0",
        "@aws-cdk/aws-kms": "^0.20.0",
        "@aws-cdk/aws-s3-notifications": "^0.20.0",
        "@aws-cdk/cdk": "^0.20.0"
      }
    },
    "@aws-cdk/aws-stepfunctions": {
      "version": "0.20.0",
      "resolved": "https://registry.npmjs.org/@aws-cdk/aws-stepfunctions/-/aws-stepfunctions-0.20.0.tgz",
      "integrity": "sha512-VS5dcMQ+VAm1WMoAYt4p5K5crBw511qPOULmBwWRnHAezUPlJgtqKgev0ffNTpA+g1RTQP4ZoTaHpIFISi+wZA==",
      "requires": {
        "@aws-cdk/aws-cloudwatch": "^0.20.0",
        "@aws-cdk/aws-events": "^0.20.0",
        "@aws-cdk/aws-iam": "^0.20.0",
        "@aws-cdk/cdk": "^0.20.0"
      }
    },
    "@aws-cdk/cdk": {
      "version": "0.20.0",
      "resolved": "https://registry.npmjs.org/@aws-cdk/cdk/-/cdk-0.20.0.tgz",
      "integrity": "sha512-wzwQIrUUPtHN3Mj5v5w/Eu33Vk/81iM9ilNiBTTdcyw++52OjYQ7iTb47QXeVg8IxGz+lX+lRE/f4IJUNTzRfA==",
      "requires": {
        "@aws-cdk/cx-api": "^0.20.0",
        "js-base64": "^2.4.5",
        "json-diff": "^0.3.1"
      },
      "dependencies": {
        "cli-color": {
          "version": "0.1.7",
          "bundled": true,
          "requires": {
            "es5-ext": "0.8.x"
          }
        },
        "difflib": {
          "version": "0.2.4",
          "bundled": true,
          "requires": {
            "heap": ">= 0.2.0"
          }
        },
        "dreamopt": {
          "version": "0.6.0",
          "bundled": true,
          "requires": {
            "wordwrap": ">=0.0.2"
          }
        },
        "es5-ext": {
          "version": "0.8.2",
          "bundled": true
        },
        "heap": {
          "version": "0.2.6",
          "bundled": true
        },
        "js-base64": {
          "version": "2.4.9",
          "bundled": true
        },
        "json-diff": {
          "version": "0.3.1",
          "bundled": true,
          "requires": {
            "cli-color": "~0.1.6",
            "difflib": "~0.2.1",
            "dreamopt": "~0.6.0"
          }
        },
        "wordwrap": {
          "version": "1.0.0",
          "bundled": true
        }
      }
    },
    "@aws-cdk/cx-api": {
      "version": "0.20.0",
      "resolved": "https://registry.npmjs.org/@aws-cdk/cx-api/-/cx-api-0.20.0.tgz",
      "integrity": "sha512-tbV4msow2+V9xUIDiYzD3ZGBKkdOzMYicR7zXl98i5jJT3EphbMDzulsJ7LVEMKyFIV/1q0NA0k3SJ6T22nVSw=="
    }
  }
}
